
Microsoft Visual Studio Solution File, Format Version 12.00
# Visual Studio 15
VisualStudioVersion = 15.0.27703.2047
MinimumVisualStudioVersion = 10.0.40219.1
Project("{FAE04EC0-301F-11D3-BF4B-00C04F79EFBC}") = "Logging", "Logging\Logging.csproj", "{5D7C3C53-09F3-4C52-B6E0-74138FCCC779}"
EndProject
Project("{FAE04EC0-301F-11D3-BF4B-00C04F79EFBC}") = "satProcessHelper", "satProcessHelper\satProcessHelper.csproj", "{62640E91-C0D2-4080-9229-AB7C147E55EA}"
EndProject
Project("{FAE04EC0-301F-11D3-BF4B-00C04F79EFBC}") = "satCompent", "satCompent\satCompent.csproj", "{FA47FF74-3DC2-4898-AC68-7425643FCC96}"
EndProject
Project("{FAE04EC0-301F-11D3-BF4B-00C04F79EFBC}") = "satClient", "satClient\satClient.csproj", "{473AB45B-ACD2-45B3-A37F-C413FE78B978}"
EndProject
Project("{FAE04EC0-301F-11D3-BF4B-00C04F79EFBC}") = "JSONHelper", "JSONHelper\JSONHelper.csproj", "{F7891499-4720-4B63-B998-A62DBE0F2D4D}"
EndProject
Project("{FAE04EC0-301F-11D3-BF4B-00C04F79EFBC}") = "iNet", "iNet\iNet.csproj", "{FDB8AD70-9CE7-471E-9734-399B9DCC62F6}"
EndProject
Project("{FAE04EC0-301F-11D3-BF4B-00C04F79EFBC}") = "UniHelper", "UniHelper\UniHelper.csproj", "{8C862D1D-9FAA-4C56-BCBB-B095933A5998}"
EndProject
Project("{FAE04EC0-301F-11D3-BF4B-00C04F79EFBC}") = "DataProcess", "DataProcess\DataProcess.csproj", "{6B5A5EA4-57B7-46A1-A471-3DED32852FFC}"
EndProject
Project("{FAE04EC0-301F-11D3-BF4B-00C04F79EFBC}") = "DataIO", "DataIO\DataIO.csproj", "{36CD7996-878C-4AEC-8750-614CE55E66E6}"
EndProject
Project("{FAE04EC0-301F-11D3-BF4B-00C04F79EFBC}") = "Pages", "Pages\Pages.csproj", "{1ED60353-685C-44DB-8B57-3625F87C2A56}"
EndProject
Project("{FAE04EC0-301F-11D3-BF4B-00C04F79EFBC}") = "CubeCOM", "cube_com\CubeCOM.csproj", "{3708B12A-E693-43DE-9795-30A688135BEF}"
EndProject
Global
	GlobalSection(SolutionConfigurationPlatforms) = preSolution
		Debug|Any CPU = Debug|Any CPU
		Debug|x86 = Debug|x86
		Release|Any CPU = Release|Any CPU
		Release|x86 = Release|x86
	EndGlobalSection
	GlobalSection(ProjectConfigurationPlatforms) = postSolution
		{5D7C3C53-09F3-4C52-B6E0-74138FCCC779}.Debug|Any CPU.ActiveCfg = Debug|Any CPU
		{5D7C3C53-09F3-4C52-B6E0-74138FCCC779}.Debug|Any CPU.Build.0 = Debug|Any CPU
		{5D7C3C53-09F3-4C52-B6E0-74138FCCC779}.Debug|x86.ActiveCfg = Debug|Any CPU
		{5D7C3C53-09F3-4C52-B6E0-74138FCCC779}.Debug|x86.Build.0 = Debug|Any CPU
		{5D7C3C53-09F3-4C52-B6E0-74138FCCC779}.Release|Any CPU.ActiveCfg = Release|Any CPU
		{5D7C3C53-09F3-4C52-B6E0-74138FCCC779}.Release|Any CPU.Build.0 = Release|Any CPU
		{5D7C3C53-09F3-4C52-B6E0-74138FCCC779}.Release|x86.ActiveCfg = Release|Any CPU
		{5D7C3C53-09F3-4C52-B6E0-74138FCCC779}.Release|x86.Build.0 = Release|Any CPU
		{62640E91-C0D2-4080-9229-AB7C147E55EA}.Debug|Any CPU.ActiveCfg = Debug|Any CPU
		{62640E91-C0D2-4080-9229-AB7C147E55EA}.Debug|Any CPU.Build.0 = Debug|Any CPU
		{62640E91-C0D2-4080-9229-AB7C147E55EA}.Debug|x86.ActiveCfg = Debug|Any CPU
		{62640E91-C0D2-4080-9229-AB7C147E55EA}.Debug|x86.Build.0 = Debug|Any CPU
		{62640E91-C0D2-4080-9229-AB7C147E55EA}.Release|Any CPU.ActiveCfg = Release|Any CPU
		{62640E91-C0D2-4080-9229-AB7C147E55EA}.Release|Any CPU.Build.0 = Release|Any CPU
		{62640E91-C0D2-4080-9229-AB7C147E55EA}.Release|x86.ActiveCfg = Release|Any CPU
		{62640E91-C0D2-4080-9229-AB7C147E55EA}.Release|x86.Build.0 = Release|Any CPU
		{FA47FF74-3DC2-4898-AC68-7425643FCC96}.Debug|Any CPU.ActiveCfg = Debug|Any CPU
		{FA47FF74-3DC2-4898-AC68-7425643FCC96}.Debug|Any CPU.Build.0 = Debug|Any CPU
		{FA47FF74-3DC2-4898-AC68-7425643FCC96}.Debug|x86.ActiveCfg = Debug|Any CPU
		{FA47FF74-3DC2-4898-AC68-7425643FCC96}.Debug|x86.Build.0 = Debug|Any CPU
		{FA47FF74-3DC2-4898-AC68-7425643FCC96}.Release|Any CPU.ActiveCfg = Release|Any CPU
		{FA47FF74-3DC2-4898-AC68-7425643FCC96}.Release|Any CPU.Build.0 = Release|Any CPU
		{FA47FF74-3DC2-4898-AC68-7425643FCC96}.Release|x86.ActiveCfg = Release|Any CPU
		{FA47FF74-3DC2-4898-AC68-7425643FCC96}.Release|x86.Build.0 = Release|Any CPU
		{473AB45B-ACD2-45B3-A37F-C413FE78B978}.Debug|Any CPU.ActiveCfg = Debug|Any CPU
		{473AB45B-ACD2-45B3-A37F-C413FE78B978}.Debug|Any CPU.Build.0 = Debug|Any CPU
		{473AB45B-ACD2-45B3-A37F-C413FE78B978}.Debug|x86.ActiveCfg = Debug|Any CPU
		{473AB45B-ACD2-45B3-A37F-C413FE78B978}.Debug|x86.Build.0 = Debug|Any CPU
		{473AB45B-ACD2-45B3-A37F-C413FE78B978}.Release|Any CPU.ActiveCfg = Release|Any CPU
		{473AB45B-ACD2-45B3-A37F-C413FE78B978}.Release|Any CPU.Build.0 = Release|Any CPU
		{473AB45B-ACD2-45B3-A37F-C413FE78B978}.Release|x86.ActiveCfg = Release|Any CPU
		{473AB45B-ACD2-45B3-A37F-C413FE78B978}.Release|x86.Build.0 = Release|Any CPU
		{F7891499-4720-4B63-B998-A62DBE0F2D4D}.Debug|Any CPU.ActiveCfg = Debug|Any CPU
		{F7891499-4720-4B63-B998-A62DBE0F2D4D}.Debug|Any CPU.Build.0 = Debug|Any CPU
		{F7891499-4720-4B63-B998-A62DBE0F2D4D}.Debug|x86.ActiveCfg = Debug|Any CPU
		{F7891499-4720-4B63-B998-A62DBE0F2D4D}.Debug|x86.Build.0 = Debug|Any CPU
		{F7891499-4720-4B63-B998-A62DBE0F2D4D}.Release|Any CPU.ActiveCfg = Release|Any CPU
		{F7891499-4720-4B63-B998-A62DBE0F2D4D}.Release|Any CPU.Build.0 = Release|Any CPU
		{F7891499-4720-4B63-B998-A62DBE0F2D4D}.Release|x86.ActiveCfg = Release|Any CPU
		{F7891499-4720-4B63-B998-A62DBE0F2D4D}.Release|x86.Build.0 = Release|Any CPU
		{FDB8AD70-9CE7-471E-9734-399B9DCC62F6}.Debug|Any CPU.ActiveCfg = Debug|Any CPU
		{FDB8AD70-9CE7-471E-9734-399B9DCC62F6}.Debug|Any CPU.Build.0 = Debug|Any CPU
		{FDB8AD70-9CE7-471E-9734-399B9DCC62F6}.Debug|x86.ActiveCfg = Debug|Any CPU
		{FDB8AD70-9CE7-471E-9734-399B9DCC62F6}.Debug|x86.Build.0 = Debug|Any CPU
		{FDB8AD70-9CE7-471E-9734-399B9DCC62F6}.Release|Any CPU.ActiveCfg = Release|Any CPU
		{FDB8AD70-9CE7-471E-9734-399B9DCC62F6}.Release|Any CPU.Build.0 = Release|Any CPU
		{FDB8AD70-9CE7-471E-9734-399B9DCC62F6}.Release|x86.ActiveCfg = Release|Any CPU
		{FDB8AD70-9CE7-471E-9734-399B9DCC62F6}.Release|x86.Build.0 = Release|Any CPU
		{8C862D1D-9FAA-4C56-BCBB-B095933A5998}.Debug|Any CPU.ActiveCfg = Debug|Any CPU
		{8C862D1D-9FAA-4C56-BCBB-B095933A5998}.Debug|Any CPU.Build.0 = Debug|Any CPU
		{8C862D1D-9FAA-4C56-BCBB-B095933A5998}.Debug|x86.ActiveCfg = Debug|Any CPU
		{8C862D1D-9FAA-4C56-BCBB-B095933A5998}.Debug|x86.Build.0 = Debug|Any CPU
		{8C862D1D-9FAA-4C56-BCBB-B095933A5998}.Release|Any CPU.ActiveCfg = Release|Any CPU
		{8C862D1D-9FAA-4C56-BCBB-B095933A5998}.Release|Any CPU.Build.0 = Release|Any CPU
		{8C862D1D-9FAA-4C56-BCBB-B095933A5998}.Release|x86.ActiveCfg = Release|Any CPU
		{8C862D1D-9FAA-4C56-BCBB-B095933A5998}.Release|x86.Build.0 = Release|Any CPU
		{6B5A5EA4-57B7-46A1-A471-3DED32852FFC}.Debug|Any CPU.ActiveCfg = Debug|Any CPU
		{6B5A5EA4-57B7-46A1-A471-3DED32852FFC}.Debug|Any CPU.Build.0 = Debug|Any CPU
		{6B5A5EA4-57B7-46A1-A471-3DED32852FFC}.Debug|x86.ActiveCfg = Debug|Any CPU
		{6B5A5EA4-57B7-46A1-A471-3DED32852FFC}.Debug|x86.Build.0 = Debug|Any CPU
		{6B5A5EA4-57B7-46A1-A471-3DED32852FFC}.Release|Any CPU.ActiveCfg = Release|Any CPU
		{6B5A5EA4-57B7-46A1-A471-3DED32852FFC}.Release|Any CPU.Build.0 = Release|Any CPU
		{6B5A5EA4-57B7-46A1-A471-3DED32852FFC}.Release|x86.ActiveCfg = Release|Any CPU
		{6B5A5EA4-57B7-46A1-A471-3DED32852FFC}.Release|x86.Build.0 = Release|Any CPU
		{36CD7996-878C-4AEC-8750-614CE55E66E6}.Debug|Any CPU.ActiveCfg = Debug|Any CPU
		{36CD7996-878C-4AEC-8750-614CE55E66E6}.Debug|Any CPU.Build.0 = Debug|Any CPU
		{36CD7996-878C-4AEC-8750-614CE55E66E6}.Debug|x86.ActiveCfg = Debug|Any CPU
		{36CD7996-878C-4AEC-8750-614CE55E66E6}.Debug|x86.Build.0 = Debug|Any CPU
		{36CD7996-878C-4AEC-8750-614CE55E66E6}.Release|Any CPU.ActiveCfg = Release|Any CPU
		{36CD7996-878C-4AEC-8750-614CE55E66E6}.Release|Any CPU.Build.0 = Release|Any CPU
		{36CD7996-878C-4AEC-8750-614CE55E66E6}.Release|x86.ActiveCfg = Release|Any CPU
		{36CD7996-878C-4AEC-8750-614CE55E66E6}.Release|x86.Build.0 = Release|Any CPU
		{1ED60353-685C-44DB-8B57-3625F87C2A56}.Debug|Any CPU.ActiveCfg = Debug|Any CPU
		{1ED60353-685C-44DB-8B57-3625F87C2A56}.Debug|Any CPU.Build.0 = Debug|Any CPU
		{1ED60353-685C-44DB-8B57-3625F87C2A56}.Debug|x86.ActiveCfg = Debug|Any CPU
		{1ED60353-685C-44DB-8B57-3625F87C2A56}.Debug|x86.Build.0 = Debug|Any CPU
		{1ED60353-685C-44DB-8B57-3625F87C2A56}.Release|Any CPU.ActiveCfg = Release|Any CPU
		{1ED60353-685C-44DB-8B57-3625F87C2A56}.Release|Any CPU.Build.0 = Release|Any CPU
		{1ED60353-685C-44DB-8B57-3625F87C2A56}.Release|x86.ActiveCfg = Release|Any CPU
		{1ED60353-685C-44DB-8B57-3625F87C2A56}.Release|x86.Build.0 = Release|Any CPU
		{3708B12A-E693-43DE-9795-30A688135BEF}.Debug|Any CPU.ActiveCfg = Debug|Any CPU
		{3708B12A-E693-43DE-9795-30A688135BEF}.Debug|Any CPU.Build.0 = Debug|Any CPU
		{3708B12A-E693-43DE-9795-30A688135BEF}.Debug|x86.ActiveCfg = Debug|Any CPU
		{3708B12A-E693-43DE-9795-30A688135BEF}.Debug|x86.Build.0 = Debug|Any CPU
		{3708B12A-E693-43DE-9795-30A688135BEF}.Release|Any CPU.ActiveCfg = Release|Any CPU
		{3708B12A-E693-43DE-9795-30A688135BEF}.Release|Any CPU.Build.0 = Release|Any CPU
		{3708B12A-E693-43DE-9795-30A688135BEF}.Release|x86.ActiveCfg = Release|Any CPU
		{3708B12A-E693-43DE-9795-30A688135BEF}.Release|x86.Build.0 = Release|Any CPU
	EndGlobalSection
	GlobalSection(SolutionProperties) = preSolution
		HideSolutionNode = FALSE
	EndGlobalSection
	GlobalSection(ExtensibilityGlobals) = postSolution
		SolutionGuid = {B7CFB6CF-C68C-4FB6-B124-D0B75394DAE0}
	EndGlobalSection
EndGlobal
